
Microsoft Visual Studio Solution File, Format Version 12.00
# Visual Studio Version 16
VisualStudioVersion = 16.0.31321.278
MinimumVisualStudioVersion = 10.0.40219.1
Project("{FAE04EC0-301F-11D3-BF4B-00C04F79EFBC}") = "8 lab", "8 lab.csproj", "{09AF0EC2-B236-4368-8B17-EB98E5C53681}"
EndProject
Global
	GlobalSection(SolutionConfigurationPlatforms) = preSolution
		Debug|Any CPU = Debug|Any CPU
		Release|Any CPU = Release|Any CPU
	EndGlobalSection
	GlobalSection(ProjectConfigurationPlatforms) = postSolution
		{09AF0EC2-B236-4368-8B17-EB98E5C53681}.Debug|Any CPU.ActiveCfg = Debug|Any CPU
		{09AF0EC2-B236-4368-8B17-EB98E5C53681}.Debug|Any CPU.Build.0 = Debug|Any CPU
		{09AF0EC2-B236-4368-8B17-EB98E5C53681}.Release|Any CPU.ActiveCfg = Release|Any CPU
		{09AF0EC2-B236-4368-8B17-EB98E5C53681}.Release|Any CPU.Build.0 = Release|Any CPU
	EndGlobalSection
	GlobalSection(SolutionProperties) = preSolution
		HideSolutionNode = FALSE
	EndGlobalSection
	GlobalSection(ExtensibilityGlobals) = postSolution
		SolutionGuid = {EFDE8670-FCF6-4ABC-B6F7-F542F4985AE2}
	EndGlobalSection
EndGlobal
