
Microsoft Visual Studio Solution File, Format Version 12.00
# Visual Studio Version 16
VisualStudioVersion = 16.0.31321.278
MinimumVisualStudioVersion = 10.0.40219.1
Project("{FAE04EC0-301F-11D3-BF4B-00C04F79EFBC}") = "lab 15", "lab 15.csproj", "{927D8F79-962E-46EC-93E1-8B3AD126BF49}"
EndProject
Global
	GlobalSection(SolutionConfigurationPlatforms) = preSolution
		Debug|Any CPU = Debug|Any CPU
		Release|Any CPU = Release|Any CPU
	EndGlobalSection
	GlobalSection(ProjectConfigurationPlatforms) = postSolution
		{927D8F79-962E-46EC-93E1-8B3AD126BF49}.Debug|Any CPU.ActiveCfg = Debug|Any CPU
		{927D8F79-962E-46EC-93E1-8B3AD126BF49}.Debug|Any CPU.Build.0 = Debug|Any CPU
		{927D8F79-962E-46EC-93E1-8B3AD126BF49}.Release|Any CPU.ActiveCfg = Release|Any CPU
		{927D8F79-962E-46EC-93E1-8B3AD126BF49}.Release|Any CPU.Build.0 = Release|Any CPU
	EndGlobalSection
	GlobalSection(SolutionProperties) = preSolution
		HideSolutionNode = FALSE
	EndGlobalSection
	GlobalSection(ExtensibilityGlobals) = postSolution
		SolutionGuid = {8D5BB47B-6253-40AD-A998-B32D7F88586C}
	EndGlobalSection
EndGlobal
