
Microsoft Visual Studio Solution File, Format Version 12.00
# Visual Studio Version 16
VisualStudioVersion = 16.0.31321.278
MinimumVisualStudioVersion = 10.0.40219.1
Project("{FAE04EC0-301F-11D3-BF4B-00C04F79EFBC}") = "lab 6", "lab 6.csproj", "{678B5454-751F-4DBB-B570-7543A810ECCD}"
EndProject
Global
	GlobalSection(SolutionConfigurationPlatforms) = preSolution
		Debug|Any CPU = Debug|Any CPU
		Release|Any CPU = Release|Any CPU
	EndGlobalSection
	GlobalSection(ProjectConfigurationPlatforms) = postSolution
		{678B5454-751F-4DBB-B570-7543A810ECCD}.Debug|Any CPU.ActiveCfg = Debug|Any CPU
		{678B5454-751F-4DBB-B570-7543A810ECCD}.Debug|Any CPU.Build.0 = Debug|Any CPU
		{678B5454-751F-4DBB-B570-7543A810ECCD}.Release|Any CPU.ActiveCfg = Release|Any CPU
		{678B5454-751F-4DBB-B570-7543A810ECCD}.Release|Any CPU.Build.0 = Release|Any CPU
	EndGlobalSection
	GlobalSection(SolutionProperties) = preSolution
		HideSolutionNode = FALSE
	EndGlobalSection
	GlobalSection(ExtensibilityGlobals) = postSolution
		SolutionGuid = {ED271BB5-A2B7-4292-B514-67E761E3BFBF}
	EndGlobalSection
EndGlobal
