
Microsoft Visual Studio Solution File, Format Version 12.00
# Visual Studio Version 16
VisualStudioVersion = 16.0.31321.278
MinimumVisualStudioVersion = 10.0.40219.1
Project("{FAE04EC0-301F-11D3-BF4B-00C04F79EFBC}") = "laba 2", "laba 2.csproj", "{CA3E2339-6453-4278-9789-466F66D0CF39}"
EndProject
Global
	GlobalSection(SolutionConfigurationPlatforms) = preSolution
		Debug|Any CPU = Debug|Any CPU
		Release|Any CPU = Release|Any CPU
	EndGlobalSection
	GlobalSection(ProjectConfigurationPlatforms) = postSolution
		{CA3E2339-6453-4278-9789-466F66D0CF39}.Debug|Any CPU.ActiveCfg = Debug|Any CPU
		{CA3E2339-6453-4278-9789-466F66D0CF39}.Debug|Any CPU.Build.0 = Debug|Any CPU
		{CA3E2339-6453-4278-9789-466F66D0CF39}.Release|Any CPU.ActiveCfg = Release|Any CPU
		{CA3E2339-6453-4278-9789-466F66D0CF39}.Release|Any CPU.Build.0 = Release|Any CPU
	EndGlobalSection
	GlobalSection(SolutionProperties) = preSolution
		HideSolutionNode = FALSE
	EndGlobalSection
	GlobalSection(ExtensibilityGlobals) = postSolution
		SolutionGuid = {39BF7165-F0AC-4224-9652-737074336EEF}
	EndGlobalSection
EndGlobal
